
Microsoft Visual Studio Solution File, Format Version 12.00
# Visual Studio Version 17
VisualStudioVersion = 17.0.32112.339
MinimumVisualStudioVersion = 10.0.40219.1
Project("{FAE04EC0-301F-11D3-BF4B-00C04F79EFBC}") = "ShapeFactory", "ShapeFactory\ShapeFactory.csproj", "{C4372315-067C-4D26-9E2B-5066BDE25F71}"
EndProject
Global
	GlobalSection(SolutionConfigurationPlatforms) = preSolution
		Debug|Any CPU = Debug|Any CPU
		Release|Any CPU = Release|Any CPU
	EndGlobalSection
	GlobalSection(ProjectConfigurationPlatforms) = postSolution
		{C4372315-067C-4D26-9E2B-5066BDE25F71}.Debug|Any CPU.ActiveCfg = Debug|Any CPU
		{C4372315-067C-4D26-9E2B-5066BDE25F71}.Debug|Any CPU.Build.0 = Debug|Any CPU
		{C4372315-067C-4D26-9E2B-5066BDE25F71}.Release|Any CPU.ActiveCfg = Release|Any CPU
		{C4372315-067C-4D26-9E2B-5066BDE25F71}.Release|Any CPU.Build.0 = Release|Any CPU
	EndGlobalSection
	GlobalSection(SolutionProperties) = preSolution
		HideSolutionNode = FALSE
	EndGlobalSection
	GlobalSection(ExtensibilityGlobals) = postSolution
		SolutionGuid = {7D8806CC-6CBD-47DB-A7B2-C17B08330D88}
	EndGlobalSection
EndGlobal
